// !$*UTF8*$!
{
	archiveVersion = 1;
	classes = {
	};
	objectVersion = 50;
	objects = {

/* Begin PBXBuildFile section */
		4947BC9D26C3B3FC00BD8A77 /* SafariExtensionMemoryLimitApp.swift in Sources */ = {isa = PBXBuildFile; fileRef = 4947BC9C26C3B3FC00BD8A77 /* SafariExtensionMemoryLimitApp.swift */; };
		4947BC9F26C3B3FC00BD8A77 /* ContentView.swift in Sources */ = {isa = PBXBuildFile; fileRef = 4947BC9E26C3B3FC00BD8A77 /* ContentView.swift */; };
		4947BCA126C3B3FD00BD8A77 /* Assets.xcassets in Resources */ = {isa = PBXBuildFile; fileRef = 4947BCA026C3B3FD00BD8A77 /* Assets.xcassets */; };
		4947BCA426C3B3FD00BD8A77 /* Preview Assets.xcassets in Resources */ = {isa = PBXBuildFile; fileRef = 4947BCA326C3B3FD00BD8A77 /* Preview Assets.xcassets */; };
		49E294DE26C3B4500072EB3D /* SafariWebExtensionHandler.swift in Sources */ = {isa = PBXBuildFile; fileRef = 49E294DD26C3B4500072EB3D /* SafariWebExtensionHandler.swift */; };
		49E294E126C3B4510072EB3D /* _locales in Resources */ = {isa = PBXBuildFile; fileRef = 49E294E026C3B4510072EB3D /* _locales */; };
		49E294E326C3B4510072EB3D /* images in Resources */ = {isa = PBXBuildFile; fileRef = 49E294E226C3B4510072EB3D /* images */; };
		49E294E526C3B4510072EB3D /* manifest.json in Resources */ = {isa = PBXBuildFile; fileRef = 49E294E426C3B4510072EB3D /* manifest.json */; };
		49E294E726C3B4510072EB3D /* background.js in Resources */ = {isa = PBXBuildFile; fileRef = 49E294E626C3B4510072EB3D /* background.js */; };
		49E294E926C3B4510072EB3D /* content.js in Resources */ = {isa = PBXBuildFile; fileRef = 49E294E826C3B4510072EB3D /* content.js */; };
		49E294EB26C3B4510072EB3D /* popup.html in Resources */ = {isa = PBXBuildFile; fileRef = 49E294EA26C3B4510072EB3D /* popup.html */; };
		49E294ED26C3B4510072EB3D /* popup.css in Resources */ = {isa = PBXBuildFile; fileRef = 49E294EC26C3B4510072EB3D /* popup.css */; };
		49E294EF26C3B4510072EB3D /* popup.js in Resources */ = {isa = PBXBuildFile; fileRef = 49E294EE26C3B4510072EB3D /* popup.js */; };
		49E294F326C3B4510072EB3D /* SafariTest.appex in Embed App Extensions */ = {isa = PBXBuildFile; fileRef = 49E294DB26C3B4500072EB3D /* SafariTest.appex */; settings = {ATTRIBUTES = (RemoveHeadersOnCopy, ); }; };
/* End PBXBuildFile section */

/* Begin PBXContainerItemProxy section */
		49E294F126C3B4510072EB3D /* PBXContainerItemProxy */ = {
			isa = PBXContainerItemProxy;
			containerPortal = 4947BC9126C3B3FC00BD8A77 /* Project object */;
			proxyType = 1;
			remoteGlobalIDString = 49E294DA26C3B4500072EB3D;
			remoteInfo = SafariTest;
		};
/* End PBXContainerItemProxy section */

/* Begin PBXCopyFilesBuildPhase section */
		49E294F426C3B4510072EB3D /* Embed App Extensions */ = {
			isa = PBXCopyFilesBuildPhase;
			buildActionMask = 2147483647;
			dstPath = "";
			dstSubfolderSpec = 13;
			files = (
				49E294F326C3B4510072EB3D /* SafariTest.appex in Embed App Extensions */,
			);
			name = "Embed App Extensions";
			runOnlyForDeploymentPostprocessing = 0;
		};
/* End PBXCopyFilesBuildPhase section */

/* Begin PBXFileReference section */
		4947BC9926C3B3FC00BD8A77 /* SafariExtensionMemoryLimit.app */ = {isa = PBXFileReference; explicitFileType = wrapper.application; includeInIndex = 0; path = SafariExtensionMemoryLimit.app; sourceTree = BUILT_PRODUCTS_DIR; };
		4947BC9C26C3B3FC00BD8A77 /* SafariExtensionMemoryLimitApp.swift */ = {isa = PBXFileReference; lastKnownFileType = sourcecode.swift; path = SafariExtensionMemoryLimitApp.swift; sourceTree = "<group>"; };
		4947BC9E26C3B3FC00BD8A77 /* ContentView.swift */ = {isa = PBXFileReference; lastKnownFileType = sourcecode.swift; path = ContentView.swift; sourceTree = "<group>"; };
		4947BCA026C3B3FD00BD8A77 /* Assets.xcassets */ = {isa = PBXFileReference; lastKnownFileType = folder.assetcatalog; path = Assets.xcassets; sourceTree = "<group>"; };
		4947BCA326C3B3FD00BD8A77 /* Preview Assets.xcassets */ = {isa = PBXFileReference; lastKnownFileType = folder.assetcatalog; path = "Preview Assets.xcassets"; sourceTree = "<group>"; };
		4947BCA526C3B3FD00BD8A77 /* Info.plist */ = {isa = PBXFileReference; lastKnownFileType = text.plist.xml; path = Info.plist; sourceTree = "<group>"; };
		49E294DB26C3B4500072EB3D /* SafariTest.appex */ = {isa = PBXFileReference; explicitFileType = "wrapper.app-extension"; includeInIndex = 0; path = SafariTest.appex; sourceTree = BUILT_PRODUCTS_DIR; };
		49E294DD26C3B4500072EB3D /* SafariWebExtensionHandler.swift */ = {isa = PBXFileReference; lastKnownFileType = sourcecode.swift; path = SafariWebExtensionHandler.swift; sourceTree = "<group>"; };
		49E294E026C3B4510072EB3D /* _locales */ = {isa = PBXFileReference; lastKnownFileType = folder; path = _locales; sourceTree = "<group>"; };
		49E294E226C3B4510072EB3D /* images */ = {isa = PBXFileReference; lastKnownFileType = folder; path = images; sourceTree = "<group>"; };
		49E294E426C3B4510072EB3D /* manifest.json */ = {isa = PBXFileReference; lastKnownFileType = text.json; path = manifest.json; sourceTree = "<group>"; };
		49E294E626C3B4510072EB3D /* background.js */ = {isa = PBXFileReference; lastKnownFileType = sourcecode.javascript; path = background.js; sourceTree = "<group>"; };
		49E294E826C3B4510072EB3D /* content.js */ = {isa = PBXFileReference; lastKnownFileType = sourcecode.javascript; path = content.js; sourceTree = "<group>"; };
		49E294EA26C3B4510072EB3D /* popup.html */ = {isa = PBXFileReference; lastKnownFileType = text.html; path = popup.html; sourceTree = "<group>"; };
		49E294EC26C3B4510072EB3D /* popup.css */ = {isa = PBXFileReference; lastKnownFileType = text.css; path = popup.css; sourceTree = "<group>"; };
		49E294EE26C3B4510072EB3D /* popup.js */ = {isa = PBXFileReference; lastKnownFileType = sourcecode.javascript; path = popup.js; sourceTree = "<group>"; };
		49E294F026C3B4510072EB3D /* Info.plist */ = {isa = PBXFileReference; lastKnownFileType = text.plist.xml; path = Info.plist; sourceTree = "<group>"; };
/* End PBXFileReference section */

/* Begin PBXFrameworksBuildPhase section */
		4947BC9626C3B3FC00BD8A77 /* Frameworks */ = {
			isa = PBXFrameworksBuildPhase;
			buildActionMask = 2147483647;
			files = (
			);
			runOnlyForDeploymentPostprocessing = 0;
		};
		49E294D826C3B4500072EB3D /* Frameworks */ = {
			isa = PBXFrameworksBuildPhase;
			buildActionMask = 2147483647;
			files = (
			);
			runOnlyForDeploymentPostprocessing = 0;
		};
/* End PBXFrameworksBuildPhase section */

/* Begin PBXGroup section */
		4947BC9026C3B3FC00BD8A77 = {
			isa = PBXGroup;
			children = (
				4947BC9B26C3B3FC00BD8A77 /* SafariExtensionMemoryLimit */,
				49E294DC26C3B4500072EB3D /* SafariTest */,
				4947BC9A26C3B3FC00BD8A77 /* Products */,
			);
			sourceTree = "<group>";
		};
		4947BC9A26C3B3FC00BD8A77 /* Products */ = {
			isa = PBXGroup;
			children = (
				4947BC9926C3B3FC00BD8A77 /* SafariExtensionMemoryLimit.app */,
				49E294DB26C3B4500072EB3D /* SafariTest.appex */,
			);
			name = Products;
			sourceTree = "<group>";
		};
		4947BC9B26C3B3FC00BD8A77 /* SafariExtensionMemoryLimit */ = {
			isa = PBXGroup;
			children = (
				4947BC9C26C3B3FC00BD8A77 /* SafariExtensionMemoryLimitApp.swift */,
				4947BC9E26C3B3FC00BD8A77 /* ContentView.swift */,
				4947BCA026C3B3FD00BD8A77 /* Assets.xcassets */,
				4947BCA526C3B3FD00BD8A77 /* Info.plist */,
				4947BCA226C3B3FD00BD8A77 /* Preview Content */,
			);
			path = SafariExtensionMemoryLimit;
			sourceTree = "<group>";
		};
		4947BCA226C3B3FD00BD8A77 /* Preview Content */ = {
			isa = PBXGroup;
			children = (
				4947BCA326C3B3FD00BD8A77 /* Preview Assets.xcassets */,
			);
			path = "Preview Content";
			sourceTree = "<group>";
		};
		49E294DC26C3B4500072EB3D /* SafariTest */ = {
			isa = PBXGroup;
			children = (
				49E294DD26C3B4500072EB3D /* SafariWebExtensionHandler.swift */,
				49E294F026C3B4510072EB3D /* Info.plist */,
				49E294DF26C3B4510072EB3D /* Resources */,
			);
			path = SafariTest;
			sourceTree = "<group>";
		};
		49E294DF26C3B4510072EB3D /* Resources */ = {
			isa = PBXGroup;
			children = (
				49E294E026C3B4510072EB3D /* _locales */,
				49E294E226C3B4510072EB3D /* images */,
				49E294E426C3B4510072EB3D /* manifest.json */,
				49E294E626C3B4510072EB3D /* background.js */,
				49E294E826C3B4510072EB3D /* content.js */,
				49E294EA26C3B4510072EB3D /* popup.html */,
				49E294EC26C3B4510072EB3D /* popup.css */,
				49E294EE26C3B4510072EB3D /* popup.js */,
			);
			path = Resources;
			sourceTree = "<group>";
		};
/* End PBXGroup section */

/* Begin PBXNativeTarget section */
		4947BC9826C3B3FC00BD8A77 /* SafariExtensionMemoryLimit */ = {
			isa = PBXNativeTarget;
			buildConfigurationList = 4947BCBE26C3B3FE00BD8A77 /* Build configuration list for PBXNativeTarget "SafariExtensionMemoryLimit" */;
			buildPhases = (
				4947BC9526C3B3FC00BD8A77 /* Sources */,
				4947BC9626C3B3FC00BD8A77 /* Frameworks */,
				4947BC9726C3B3FC00BD8A77 /* Resources */,
				49E294F426C3B4510072EB3D /* Embed App Extensions */,
			);
			buildRules = (
			);
			dependencies = (
				49E294F226C3B4510072EB3D /* PBXTargetDependency */,
			);
			name = SafariExtensionMemoryLimit;
			productName = SafariExtensionMemoryLimit;
			productReference = 4947BC9926C3B3FC00BD8A77 /* SafariExtensionMemoryLimit.app */;
			productType = "com.apple.product-type.application";
		};
		49E294DA26C3B4500072EB3D /* SafariTest */ = {
			isa = PBXNativeTarget;
			buildConfigurationList = 49E294F726C3B4510072EB3D /* Build configuration list for PBXNativeTarget "SafariTest" */;
			buildPhases = (
				49E294D726C3B4500072EB3D /* Sources */,
				49E294D826C3B4500072EB3D /* Frameworks */,
				49E294D926C3B4500072EB3D /* Resources */,
			);
			buildRules = (
			);
			dependencies = (
			);
			name = SafariTest;
			productName = SafariTest;
			productReference = 49E294DB26C3B4500072EB3D /* SafariTest.appex */;
			productType = "com.apple.product-type.app-extension";
		};
/* End PBXNativeTarget section */

/* Begin PBXProject section */
		4947BC9126C3B3FC00BD8A77 /* Project object */ = {
			isa = PBXProject;
			attributes = {
				LastSwiftUpdateCheck = 1300;
				LastUpgradeCheck = 1250;
				TargetAttributes = {
					4947BC9826C3B3FC00BD8A77 = {
						CreatedOnToolsVersion = 12.5.1;
					};
					49E294DA26C3B4500072EB3D = {
						CreatedOnToolsVersion = 13.0;
					};
				};
			};
			buildConfigurationList = 4947BC9426C3B3FC00BD8A77 /* Build configuration list for PBXProject "SafariExtensionMemoryLimit" */;
			compatibilityVersion = "Xcode 9.3";
			developmentRegion = en;
			hasScannedForEncodings = 0;
			knownRegions = (
				en,
				Base,
			);
			mainGroup = 4947BC9026C3B3FC00BD8A77;
			productRefGroup = 4947BC9A26C3B3FC00BD8A77 /* Products */;
			projectDirPath = "";
			projectRoot = "";
			targets = (
				4947BC9826C3B3FC00BD8A77 /* SafariExtensionMemoryLimit */,
				49E294DA26C3B4500072EB3D /* SafariTest */,
			);
		};
/* End PBXProject section */

/* Begin PBXResourcesBuildPhase section */
		4947BC9726C3B3FC00BD8A77 /* Resources */ = {
			isa = PBXResourcesBuildPhase;
			buildActionMask = 2147483647;
			files = (
				4947BCA426C3B3FD00BD8A77 /* Preview Assets.xcassets in Resources */,
				4947BCA126C3B3FD00BD8A77 /* Assets.xcassets in Resources */,
			);
			runOnlyForDeploymentPostprocessing = 0;
		};
		49E294D926C3B4500072EB3D /* Resources */ = {
			isa = PBXResourcesBuildPhase;
			buildActionMask = 2147483647;
			files = (
				49E294E726C3B4510072EB3D /* background.js in Resources */,
				49E294ED26C3B4510072EB3D /* popup.css in Resources */,
				49E294EB26C3B4510072EB3D /* popup.html in Resources */,
				49E294E326C3B4510072EB3D /* images in Resources */,
				49E294E526C3B4510072EB3D /* manifest.json in Resources */,
				49E294E126C3B4510072EB3D /* _locales in Resources */,
				49E294E926C3B4510072EB3D /* content.js in Resources */,
				49E294EF26C3B4510072EB3D /* popup.js in Resources */,
			);
			runOnlyForDeploymentPostprocessing = 0;
		};
/* End PBXResourcesBuildPhase section */

/* Begin PBXSourcesBuildPhase section */
		4947BC9526C3B3FC00BD8A77 /* Sources */ = {
			isa = PBXSourcesBuildPhase;
			buildActionMask = 2147483647;
			files = (
				4947BC9F26C3B3FC00BD8A77 /* ContentView.swift in Sources */,
				4947BC9D26C3B3FC00BD8A77 /* SafariExtensionMemoryLimitApp.swift in Sources */,
			);
			runOnlyForDeploymentPostprocessing = 0;
		};
		49E294D726C3B4500072EB3D /* Sources */ = {
			isa = PBXSourcesBuildPhase;
			buildActionMask = 2147483647;
			files = (
				49E294DE26C3B4500072EB3D /* SafariWebExtensionHandler.swift in Sources */,
			);
			runOnlyForDeploymentPostprocessing = 0;
		};
/* End PBXSourcesBuildPhase section */

/* Begin PBXTargetDependency section */
		49E294F226C3B4510072EB3D /* PBXTargetDependency */ = {
			isa = PBXTargetDependency;
			target = 49E294DA26C3B4500072EB3D /* SafariTest */;
			targetProxy = 49E294F126C3B4510072EB3D /* PBXContainerItemProxy */;
		};
/* End PBXTargetDependency section */

/* Begin XCBuildConfiguration section */
		4947BCBC26C3B3FE00BD8A77 /* Debug */ = {
			isa = XCBuildConfiguration;
			buildSettings = {
				ALWAYS_SEARCH_USER_PATHS = NO;
				CLANG_ANALYZER_NONNULL = YES;
				CLANG_ANALYZER_NUMBER_OBJECT_CONVERSION = YES_AGGRESSIVE;
				CLANG_CXX_LANGUAGE_STANDARD = "gnu++14";
				CLANG_CXX_LIBRARY = "libc++";
				CLANG_ENABLE_MODULES = YES;
				CLANG_ENABLE_OBJC_ARC = YES;
				CLANG_ENABLE_OBJC_WEAK = YES;
				CLANG_WARN_BLOCK_CAPTURE_AUTORELEASING = YES;
				CLANG_WARN_BOOL_CONVERSION = YES;
				CLANG_WARN_COMMA = YES;
				CLANG_WARN_CONSTANT_CONVERSION = YES;
				CLANG_WARN_DEPRECATED_OBJC_IMPLEMENTATIONS = YES;
				CLANG_WARN_DIRECT_OBJC_ISA_USAGE = YES_ERROR;
				CLANG_WARN_DOCUMENTATION_COMMENTS = YES;
				CLANG_WARN_EMPTY_BODY = YES;
				CLANG_WARN_ENUM_CONVERSION = YES;
				CLANG_WARN_INFINITE_RECURSION = YES;
				CLANG_WARN_INT_CONVERSION = YES;
				CLANG_WARN_NON_LITERAL_NULL_CONVERSION = YES;
				CLANG_WARN_OBJC_IMPLICIT_RETAIN_SELF = YES;
				CLANG_WARN_OBJC_LITERAL_CONVERSION = YES;
				CLANG_WARN_OBJC_ROOT_CLASS = YES_ERROR;
				CLANG_WARN_QUOTED_INCLUDE_IN_FRAMEWORK_HEADER = YES;
				CLANG_WARN_RANGE_LOOP_ANALYSIS = YES;
				CLANG_WARN_STRICT_PROTOTYPES = YES;
				CLANG_WARN_SUSPICIOUS_MOVE = YES;
				CLANG_WARN_UNGUARDED_AVAILABILITY = YES_AGGRESSIVE;
				CLANG_WARN_UNREACHABLE_CODE = YES;
				CLANG_WARN__DUPLICATE_METHOD_MATCH = YES;
				COPY_PHASE_STRIP = NO;
				DEBUG_INFORMATION_FORMAT = dwarf;
				ENABLE_STRICT_OBJC_MSGSEND = YES;
				ENABLE_TESTABILITY = YES;
				GCC_C_LANGUAGE_STANDARD = gnu11;
				GCC_DYNAMIC_NO_PIC = NO;
				GCC_NO_COMMON_BLOCKS = YES;
				GCC_OPTIMIZATION_LEVEL = 0;
				GCC_PREPROCESSOR_DEFINITIONS = (
					"DEBUG=1",
					"$(inherited)",
				);
				GCC_WARN_64_TO_32_BIT_CONVERSION = YES;
				GCC_WARN_ABOUT_RETURN_TYPE = YES_ERROR;
				GCC_WARN_UNDECLARED_SELECTOR = YES;
				GCC_WARN_UNINITIALIZED_AUTOS = YES_AGGRESSIVE;
				GCC_WARN_UNUSED_FUNCTION = YES;
				GCC_WARN_UNUSED_VARIABLE = YES;
				IPHONEOS_DEPLOYMENT_TARGET = 14.5;
				MTL_ENABLE_DEBUG_INFO = INCLUDE_SOURCE;
				MTL_FAST_MATH = YES;
				ONLY_ACTIVE_ARCH = YES;
				SDKROOT = iphoneos;
				SWIFT_ACTIVE_COMPILATION_CONDITIONS = DEBUG;
				SWIFT_OPTIMIZATION_LEVEL = "-Onone";
			};
			name = Debug;
		};
		4947BCBD26C3B3FE00BD8A77 /* Release */ = {
			isa = XCBuildConfiguration;
			buildSettings = {
				ALWAYS_SEARCH_USER_PATHS = NO;
				CLANG_ANALYZER_NONNULL = YES;
				CLANG_ANALYZER_NUMBER_OBJECT_CONVERSION = YES_AGGRESSIVE;
				CLANG_CXX_LANGUAGE_STANDARD = "gnu++14";
				CLANG_CXX_LIBRARY = "libc++";
				CLANG_ENABLE_MODULES = YES;
				CLANG_ENABLE_OBJC_ARC = YES;
				CLANG_ENABLE_OBJC_WEAK = YES;
				CLANG_WARN_BLOCK_CAPTURE_AUTORELEASING = YES;
				CLANG_WARN_BOOL_CONVERSION = YES;
				CLANG_WARN_COMMA = YES;
				CLANG_WARN_CONSTANT_CONVERSION = YES;
				CLANG_WARN_DEPRECATED_OBJC_IMPLEMENTATIONS = YES;
				CLANG_WARN_DIRECT_OBJC_ISA_USAGE = YES_ERROR;
				CLANG_WARN_DOCUMENTATION_COMMENTS = YES;
				CLANG_WARN_EMPTY_BODY = YES;
				CLANG_WARN_ENUM_CONVERSION = YES;
				CLANG_WARN_INFINITE_RECURSION = YES;
				CLANG_WARN_INT_CONVERSION = YES;
				CLANG_WARN_NON_LITERAL_NULL_CONVERSION = YES;
				CLANG_WARN_OBJC_IMPLICIT_RETAIN_SELF = YES;
				CLANG_WARN_OBJC_LITERAL_CONVERSION = YES;
				CLANG_WARN_OBJC_ROOT_CLASS = YES_ERROR;
				CLANG_WARN_QUOTED_INCLUDE_IN_FRAMEWORK_HEADER = YES;
				CLANG_WARN_RANGE_LOOP_ANALYSIS = YES;
				CLANG_WARN_STRICT_PROTOTYPES = YES;
				CLANG_WARN_SUSPICIOUS_MOVE = YES;
				CLANG_WARN_UNGUARDED_AVAILABILITY = YES_AGGRESSIVE;
				CLANG_WARN_UNREACHABLE_CODE = YES;
				CLANG_WARN__DUPLICATE_METHOD_MATCH = YES;
				COPY_PHASE_STRIP = NO;
				DEBUG_INFORMATION_FORMAT = "dwarf-with-dsym";
				ENABLE_NS_ASSERTIONS = NO;
				ENABLE_STRICT_OBJC_MSGSEND = YES;
				GCC_C_LANGUAGE_STANDARD = gnu11;
				GCC_NO_COMMON_BLOCKS = YES;
				GCC_WARN_64_TO_32_BIT_CONVERSION = YES;
				GCC_WARN_ABOUT_RETURN_TYPE = YES_ERROR;
				GCC_WARN_UNDECLARED_SELECTOR = YES;
				GCC_WARN_UNINITIALIZED_AUTOS = YES_AGGRESSIVE;
				GCC_WARN_UNUSED_FUNCTION = YES;
				GCC_WARN_UNUSED_VARIABLE = YES;
				IPHONEOS_DEPLOYMENT_TARGET = 14.5;
				MTL_ENABLE_DEBUG_INFO = NO;
				MTL_FAST_MATH = YES;
				SDKROOT = iphoneos;
				SWIFT_COMPILATION_MODE = wholemodule;
				SWIFT_OPTIMIZATION_LEVEL = "-O";
				VALIDATE_PRODUCT = YES;
			};
			name = Release;
		};
		4947BCBF26C3B3FE00BD8A77 /* Debug */ = {
			isa = XCBuildConfiguration;
			buildSettings = {
				ALWAYS_EMBED_SWIFT_STANDARD_LIBRARIES = YES;
				ASSETCATALOG_COMPILER_APPICON_NAME = AppIcon;
				ASSETCATALOG_COMPILER_GLOBAL_ACCENT_COLOR_NAME = AccentColor;
				CODE_SIGN_STYLE = Automatic;
				DEVELOPMENT_ASSET_PATHS = "\"SafariExtensionMemoryLimit/Preview Content\"";
				DEVELOPMENT_TEAM = S8B638MM79;
				ENABLE_PREVIEWS = YES;
				INFOPLIST_FILE = SafariExtensionMemoryLimit/Info.plist;
				IPHONEOS_DEPLOYMENT_TARGET = 14.0;
				LD_RUNPATH_SEARCH_PATHS = (
					"$(inherited)",
					"@executable_path/Frameworks",
				);
				PRODUCT_BUNDLE_IDENTIFIER = co.gikken.SafariExtensionMemoryLimit;
				PRODUCT_NAME = "$(TARGET_NAME)";
				SWIFT_VERSION = 5.0;
				TARGETED_DEVICE_FAMILY = "1,2";
			};
			name = Debug;
		};
		4947BCC026C3B3FE00BD8A77 /* Release */ = {
			isa = XCBuildConfiguration;
			buildSettings = {
				ALWAYS_EMBED_SWIFT_STANDARD_LIBRARIES = YES;
				ASSETCATALOG_COMPILER_APPICON_NAME = AppIcon;
				ASSETCATALOG_COMPILER_GLOBAL_ACCENT_COLOR_NAME = AccentColor;
				CODE_SIGN_STYLE = Automatic;
				DEVELOPMENT_ASSET_PATHS = "\"SafariExtensionMemoryLimit/Preview Content\"";
				DEVELOPMENT_TEAM = S8B638MM79;
				ENABLE_PREVIEWS = YES;
				INFOPLIST_FILE = SafariExtensionMemoryLimit/Info.plist;
				IPHONEOS_DEPLOYMENT_TARGET = 14.0;
				LD_RUNPATH_SEARCH_PATHS = (
					"$(inherited)",
					"@executable_path/Frameworks",
				);
				PRODUCT_BUNDLE_IDENTIFIER = co.gikken.SafariExtensionMemoryLimit;
				PRODUCT_NAME = "$(TARGET_NAME)";
				SWIFT_VERSION = 5.0;
				TARGETED_DEVICE_FAMILY = "1,2";
			};
			name = Release;
		};
		49E294F526C3B4510072EB3D /* Debug */ = {
			isa = XCBuildConfiguration;
			buildSettings = {
				CLANG_CXX_LANGUAGE_STANDARD = "gnu++17";
				CODE_SIGN_STYLE = Automatic;
				CURRENT_PROJECT_VERSION = 1;
				DEVELOPMENT_TEAM = S8B638MM79;
				GENERATE_INFOPLIST_FILE = YES;
				INFOPLIST_FILE = SafariTest/Info.plist;
				INFOPLIST_KEY_CFBundleDisplayName = SafariTest;
				INFOPLIST_KEY_NSHumanReadableCopyright = "";
				IPHONEOS_DEPLOYMENT_TARGET = 15.0;
				LD_RUNPATH_SEARCH_PATHS = (
					"$(inherited)",
					"@executable_path/Frameworks",
					"@executable_path/../../Frameworks",
				);
				MARKETING_VERSION = 1.0;
				OTHER_LDFLAGS = (
					"-framework",
					SafariServices,
				);
				PRODUCT_BUNDLE_IDENTIFIER = co.gikken.SafariExtensionMemoryLimit.SafariTest;
				PRODUCT_NAME = "$(TARGET_NAME)";
				SKIP_INSTALL = YES;
				SWIFT_EMIT_LOC_STRINGS = YES;
				SWIFT_VERSION = 5.0;
				TARGETED_DEVICE_FAMILY = "1,2";
			};
			name = Debug;
		};
		49E294F626C3B4510072EB3D /* Release */ = {
			isa = XCBuildConfiguration;
			buildSettings = {
				CLANG_CXX_LANGUAGE_STANDARD = "gnu++17";
				CODE_SIGN_STYLE = Automatic;
				CURRENT_PROJECT_VERSION = 1;
				DEVELOPMENT_TEAM = S8B638MM79;
				GENERATE_INFOPLIST_FILE = YES;
				INFOPLIST_FILE = SafariTest/Info.plist;
				INFOPLIST_KEY_CFBundleDisplayName = SafariTest;
				INFOPLIST_KEY_NSHumanReadableCopyright = "";
				IPHONEOS_DEPLOYMENT_TARGET = 15.0;
				LD_RUNPATH_SEARCH_PATHS = (
					"$(inherited)",
					"@executable_path/Frameworks",
					"@executable_path/../../Frameworks",
				);
				MARKETING_VERSION = 1.0;
				OTHER_LDFLAGS = (
					"-framework",
					SafariServices,
				);
				PRODUCT_BUNDLE_IDENTIFIER = co.gikken.SafariExtensionMemoryLimit.SafariTest;
				PRODUCT_NAME = "$(TARGET_NAME)";
				SKIP_INSTALL = YES;
				SWIFT_EMIT_LOC_STRINGS = YES;
				SWIFT_VERSION = 5.0;
				TARGETED_DEVICE_FAMILY = "1,2";
			};
			name = Release;
		};
/* End XCBuildConfiguration section */

/* Begin XCConfigurationList section */
		4947BC9426C3B3FC00BD8A77 /* Build configuration list for PBXProject "SafariExtensionMemoryLimit" */ = {
			isa = XCConfigurationList;
			buildConfigurations = (
				4947BCBC26C3B3FE00BD8A77 /* Debug */,
				4947BCBD26C3B3FE00BD8A77 /* Release */,
			);
			defaultConfigurationIsVisible = 0;
			defaultConfigurationName = Release;
		};
		4947BCBE26C3B3FE00BD8A77 /* Build configuration list for PBXNativeTarget "SafariExtensionMemoryLimit" */ = {
			isa = XCConfigurationList;
			buildConfigurations = (
				4947BCBF26C3B3FE00BD8A77 /* Debug */,
				4947BCC026C3B3FE00BD8A77 /* Release */,
			);
			defaultConfigurationIsVisible = 0;
			defaultConfigurationName = Release;
		};
		49E294F726C3B4510072EB3D /* Build configuration list for PBXNativeTarget "SafariTest" */ = {
			isa = XCConfigurationList;
			buildConfigurations = (
				49E294F526C3B4510072EB3D /* Debug */,
				49E294F626C3B4510072EB3D /* Release */,
			);
			defaultConfigurationIsVisible = 0;
			defaultConfigurationName = Release;
		};
/* End XCConfigurationList section */
	};
	rootObject = 4947BC9126C3B3FC00BD8A77 /* Project object */;
}
